
Microsoft Visual Studio Solution File, Format Version 12.00
# Visual Studio Version 17
VisualStudioVersion = 17.11.35303.130
MinimumVisualStudioVersion = 10.0.40219.1
Project("{8BC9CEB8-8B4A-11D0-8D11-00A0C91BC942}") = "LR_06_1_rec", "LR_06_1_rec.vcxproj", "{AF14DCF5-A8A2-4CC0-AAC9-11E67D8CF037}"
EndProject
Project("{8BC9CEB8-8B4A-11D0-8D11-00A0C91BC942}") = "UnitTest1", "UnitTest1\UnitTest1.vcxproj", "{12AB219B-855B-4C24-85F2-AAEF260F8812}"
EndProject
Global
	GlobalSection(SolutionConfigurationPlatforms) = preSolution
		Debug|x64 = Debug|x64
		Debug|x86 = Debug|x86
		Release|x64 = Release|x64
		Release|x86 = Release|x86
	EndGlobalSection
	GlobalSection(ProjectConfigurationPlatforms) = postSolution
		{AF14DCF5-A8A2-4CC0-AAC9-11E67D8CF037}.Debug|x64.ActiveCfg = Debug|x64
		{AF14DCF5-A8A2-4CC0-AAC9-11E67D8CF037}.Debug|x64.Build.0 = Debug|x64
		{AF14DCF5-A8A2-4CC0-AAC9-11E67D8CF037}.Debug|x86.ActiveCfg = Debug|Win32
		{AF14DCF5-A8A2-4CC0-AAC9-11E67D8CF037}.Debug|x86.Build.0 = Debug|Win32
		{AF14DCF5-A8A2-4CC0-AAC9-11E67D8CF037}.Release|x64.ActiveCfg = Release|x64
		{AF14DCF5-A8A2-4CC0-AAC9-11E67D8CF037}.Release|x64.Build.0 = Release|x64
		{AF14DCF5-A8A2-4CC0-AAC9-11E67D8CF037}.Release|x86.ActiveCfg = Release|Win32
		{AF14DCF5-A8A2-4CC0-AAC9-11E67D8CF037}.Release|x86.Build.0 = Release|Win32
		{12AB219B-855B-4C24-85F2-AAEF260F8812}.Debug|x64.ActiveCfg = Debug|x64
		{12AB219B-855B-4C24-85F2-AAEF260F8812}.Debug|x64.Build.0 = Debug|x64
		{12AB219B-855B-4C24-85F2-AAEF260F8812}.Debug|x86.ActiveCfg = Debug|Win32
		{12AB219B-855B-4C24-85F2-AAEF260F8812}.Debug|x86.Build.0 = Debug|Win32
		{12AB219B-855B-4C24-85F2-AAEF260F8812}.Release|x64.ActiveCfg = Release|x64
		{12AB219B-855B-4C24-85F2-AAEF260F8812}.Release|x64.Build.0 = Release|x64
		{12AB219B-855B-4C24-85F2-AAEF260F8812}.Release|x86.ActiveCfg = Release|Win32
		{12AB219B-855B-4C24-85F2-AAEF260F8812}.Release|x86.Build.0 = Release|Win32
	EndGlobalSection
	GlobalSection(SolutionProperties) = preSolution
		HideSolutionNode = FALSE
	EndGlobalSection
	GlobalSection(ExtensibilityGlobals) = postSolution
		SolutionGuid = {A3A1BCC2-B5BF-41C9-B93F-191462BD36E1}
	EndGlobalSection
EndGlobal
